
Microsoft Visual Studio Solution File, Format Version 12.00
# Visual Studio Version 17
VisualStudioVersion = 17.13.35828.75 d17.13
MinimumVisualStudioVersion = 10.0.40219.1
Project("{FAE04EC0-301F-11D3-BF4B-00C04F79EFBC}") = "cat.itb.M6NF2Prac", "cat.itb.M6NF2Prac\cat.itb.M6NF2Prac.csproj", "{43E87EFF-071D-4215-A58F-943F62721267}"
EndProject
Global
	GlobalSection(SolutionConfigurationPlatforms) = preSolution
		Debug|Any CPU = Debug|Any CPU
		Release|Any CPU = Release|Any CPU
	EndGlobalSection
	GlobalSection(ProjectConfigurationPlatforms) = postSolution
		{43E87EFF-071D-4215-A58F-943F62721267}.Debug|Any CPU.ActiveCfg = Debug|Any CPU
		{43E87EFF-071D-4215-A58F-943F62721267}.Debug|Any CPU.Build.0 = Debug|Any CPU
		{43E87EFF-071D-4215-A58F-943F62721267}.Release|Any CPU.ActiveCfg = Release|Any CPU
		{43E87EFF-071D-4215-A58F-943F62721267}.Release|Any CPU.Build.0 = Release|Any CPU
	EndGlobalSection
	GlobalSection(SolutionProperties) = preSolution
		HideSolutionNode = FALSE
	EndGlobalSection
	GlobalSection(ExtensibilityGlobals) = postSolution
		SolutionGuid = {C08DC1E1-B55E-4BB1-B0F9-5EE46D404D68}
	EndGlobalSection
EndGlobal
